{
  "name": "magicgpt",
  "version": "1.0.0",
  "lockfileVersion": 3,
  "requires": true,
  "packages": {
    "": {
      "name": "magicgpt",
      "version": "1.0.0",
      "license": "ISC",
      "dependencies": {
        "@picovoice/rhino-node": "^3.0.3",
        "node-audiorecorder": "^3.0.0",
        "play-sound": "^1.1.6",
        "wavefile": "^11.0.0"
      }
    },
    "node_modules/@picovoice/rhino-node": {
      "version": "3.0.3",
      "resolved": "https://registry.npmjs.org/@picovoice/rhino-node/-/rhino-node-3.0.3.tgz",
      "integrity": "sha512-a9JyvBggbmhsV8Z5iV6dYlLzhy2ZSR9NNNG/whbK8SnSLSUEjWEkHufVNQTRkOg1BRq1D4OIVPz2kvwJfanYQQ==",
      "cpu": [
        "!ia32",
        "!mips",
        "!ppc",
        "!ppc64"
      ],
      "engines": {
        "node": ">=16.0.0"
      }
    },
    "node_modules/find-exec": {
      "version": "1.0.3",
      "resolved": "https://registry.npmjs.org/find-exec/-/find-exec-1.0.3.tgz",
      "integrity": "sha512-gnG38zW90mS8hm5smNcrBnakPEt+cGJoiMkJwCU0IYnEb0H2NQk0NIljhNW+48oniCriFek/PH6QXbwsJo/qug==",
      "dependencies": {
        "shell-quote": "^1.8.1"
      }
    },
    "node_modules/node-audiorecorder": {
      "version": "3.0.0",
      "resolved": "https://registry.npmjs.org/node-audiorecorder/-/node-audiorecorder-3.0.0.tgz",
      "integrity": "sha512-nQepUJdQT4wD985zn7113tLZqVv0dh9ly9bsB6bE3GllPordEGUL7gFVnG2GCVArz/J/K+N50wo0574bwdpOeA=="
    },
    "node_modules/play-sound": {
      "version": "1.1.6",
      "resolved": "https://registry.npmjs.org/play-sound/-/play-sound-1.1.6.tgz",
      "integrity": "sha512-09eO4QiXNFXJffJaOW5P6x6F5RLihpLUkXttvUZeWml0fU6x6Zp7AjG9zaeMpgH2ZNvq4GR1ytB22ddYcqJIZA==",
      "dependencies": {
        "find-exec": "1.0.3"
      }
    },
    "node_modules/shell-quote": {
      "version": "1.8.1",
      "resolved": "https://registry.npmjs.org/shell-quote/-/shell-quote-1.8.1.tgz",
      "integrity": "sha512-6j1W9l1iAs/4xYBI1SYOVZyFcCis9b4KCLQ8fgAGG07QvzaRLVVRQvAy85yNmmZSjYjg4MWh4gNvlPujU/5LpA==",
      "funding": {
        "url": "https://github.com/sponsors/ljharb"
      }
    },
    "node_modules/wavefile": {
      "version": "11.0.0",
      "resolved": "https://registry.npmjs.org/wavefile/-/wavefile-11.0.0.tgz",
      "integrity": "sha512-/OBiAALgWU24IG7sC84cDO/KfFuvajWc5Uec0oV2zrpOOZZDgGdOwHwgEzOrwh8jkubBk7PtZfQBIcI1OaE5Ng==",
      "bin": {
        "wavefile": "bin/wavefile.js"
      },
      "engines": {
        "node": ">=8"
      }
    }
  }
}
